// !$*UTF8*$!
{
	archiveVersion = 1;
	classes = {
	};
	objectVersion = 46;
	objects = {

/* Begin PBXBuildFile section */
		6D4BABE01C5130A60042ADA0 /* AppDelegate.swift in Sources */ = {isa = PBXBuildFile; fileRef = 6D4BABDF1C5130A60042ADA0 /* AppDelegate.swift */; };
		6D4BABE21C5130A60042ADA0 /* ViewController.swift in Sources */ = {isa = PBXBuildFile; fileRef = 6D4BABE11C5130A60042ADA0 /* ViewController.swift */; };
		6D4BABE51C5130A60042ADA0 /* Main.storyboard in Resources */ = {isa = PBXBuildFile; fileRef = 6D4BABE31C5130A60042ADA0 /* Main.storyboard */; };
		6D4BABE71C5130A60042ADA0 /* Assets.xcassets in Resources */ = {isa = PBXBuildFile; fileRef = 6D4BABE61C5130A60042ADA0 /* Assets.xcassets */; };
		6D4BABEA1C5130A60042ADA0 /* LaunchScreen.storyboard in Resources */ = {isa = PBXBuildFile; fileRef = 6D4BABE81C5130A60042ADA0 /* LaunchScreen.storyboard */; };
		9ED638CD1F6D673000E2D1AF /* Surge.framework in Embed Frameworks */ = {isa = PBXBuildFile; fileRef = 9ED638C51F6D4AC100E2D1AF /* Surge.framework */; settings = {ATTRIBUTES = (CodeSignOnCopy, RemoveHeadersOnCopy, ); }; };
		9ED638D21F6E0DDB00E2D1AF /* GraphView.swift in Sources */ = {isa = PBXBuildFile; fileRef = 9ED638D11F6E0DDB00E2D1AF /* GraphView.swift */; };
/* End PBXBuildFile section */

/* Begin PBXContainerItemProxy section */
		9ED638C41F6D4AC100E2D1AF /* PBXContainerItemProxy */ = {
			isa = PBXContainerItemProxy;
			containerPortal = 9ED638BF1F6D4AC100E2D1AF /* Surge.xcodeproj */;
			proxyType = 2;
			remoteGlobalIDString = F8A1E1AA19917A79009735E2;
			remoteInfo = Surge;
		};
		9ED638C61F6D4AC100E2D1AF /* PBXContainerItemProxy */ = {
			isa = PBXContainerItemProxy;
			containerPortal = 9ED638BF1F6D4AC100E2D1AF /* Surge.xcodeproj */;
			proxyType = 2;
			remoteGlobalIDString = F84A6AAE19A9A72F007B53E1;
			remoteInfo = SurgeTests;
		};
		9ED638CE1F6D673000E2D1AF /* PBXContainerItemProxy */ = {
			isa = PBXContainerItemProxy;
			containerPortal = 9ED638BF1F6D4AC100E2D1AF /* Surge.xcodeproj */;
			proxyType = 1;
			remoteGlobalIDString = F8A1E1A919917A79009735E2;
			remoteInfo = Surge;
		};
/* End PBXContainerItemProxy section */

/* Begin PBXCopyFilesBuildPhase section */
		9ED638D01F6D673000E2D1AF /* Embed Frameworks */ = {
			isa = PBXCopyFilesBuildPhase;
			buildActionMask = 2147483647;
			dstPath = "";
			dstSubfolderSpec = 10;
			files = (
				9ED638CD1F6D673000E2D1AF /* Surge.framework in Embed Frameworks */,
			);
			name = "Embed Frameworks";
			runOnlyForDeploymentPostprocessing = 0;
		};
/* End PBXCopyFilesBuildPhase section */

/* Begin PBXFileReference section */
		6D4BABDC1C5130A60042ADA0 /* iOSAccelerometerExample.app */ = {isa = PBXFileReference; explicitFileType = wrapper.application; includeInIndex = 0; path = iOSAccelerometerExample.app; sourceTree = BUILT_PRODUCTS_DIR; };
		6D4BABDF1C5130A60042ADA0 /* AppDelegate.swift */ = {isa = PBXFileReference; lastKnownFileType = sourcecode.swift; path = AppDelegate.swift; sourceTree = "<group>"; };
		6D4BABE11C5130A60042ADA0 /* ViewController.swift */ = {isa = PBXFileReference; lastKnownFileType = sourcecode.swift; path = ViewController.swift; sourceTree = "<group>"; };
		6D4BABE41C5130A60042ADA0 /* Base */ = {isa = PBXFileReference; lastKnownFileType = file.storyboard; name = Base; path = Base.lproj/Main.storyboard; sourceTree = "<group>"; };
		6D4BABE61C5130A60042ADA0 /* Assets.xcassets */ = {isa = PBXFileReference; lastKnownFileType = folder.assetcatalog; path = Assets.xcassets; sourceTree = "<group>"; };
		6D4BABE91C5130A60042ADA0 /* Base */ = {isa = PBXFileReference; lastKnownFileType = file.storyboard; name = Base; path = Base.lproj/LaunchScreen.storyboard; sourceTree = "<group>"; };
		6D4BABEB1C5130A60042ADA0 /* Info.plist */ = {isa = PBXFileReference; lastKnownFileType = text.plist.xml; path = Info.plist; sourceTree = "<group>"; };
		9ED638BF1F6D4AC100E2D1AF /* Surge.xcodeproj */ = {isa = PBXFileReference; lastKnownFileType = "wrapper.pb-project"; name = Surge.xcodeproj; path = Surge/Surge.xcodeproj; sourceTree = "<group>"; };
		9ED638D11F6E0DDB00E2D1AF /* GraphView.swift */ = {isa = PBXFileReference; fileEncoding = 4; lastKnownFileType = sourcecode.swift; path = GraphView.swift; sourceTree = "<group>"; };
/* End PBXFileReference section */

/* Begin PBXFrameworksBuildPhase section */
		6D4BABD91C5130A60042ADA0 /* Frameworks */ = {
			isa = PBXFrameworksBuildPhase;
			buildActionMask = 2147483647;
			files = (
			);
			runOnlyForDeploymentPostprocessing = 0;
		};
/* End PBXFrameworksBuildPhase section */

/* Begin PBXGroup section */
		6D43CF4C1C5A0086003EA4EF /* Sources */ = {
			isa = PBXGroup;
			children = (
				6D4BABDF1C5130A60042ADA0 /* AppDelegate.swift */,
				6D4BABE11C5130A60042ADA0 /* ViewController.swift */,
				9ED638D11F6E0DDB00E2D1AF /* GraphView.swift */,
			);
			name = Sources;
			sourceTree = "<group>";
		};
		6D43CF4D1C5A008D003EA4EF /* UI */ = {
			isa = PBXGroup;
			children = (
				6D4BABE31C5130A60042ADA0 /* Main.storyboard */,
				6D4BABE81C5130A60042ADA0 /* LaunchScreen.storyboard */,
			);
			name = UI;
			sourceTree = "<group>";
		};
		6D43CF4E1C5A0092003EA4EF /* Supporting Files */ = {
			isa = PBXGroup;
			children = (
				6D4BABEB1C5130A60042ADA0 /* Info.plist */,
			);
			name = "Supporting Files";
			sourceTree = "<group>";
		};
		6D43CF4F1C5A00A5003EA4EF /* Assets */ = {
			isa = PBXGroup;
			children = (
				6D4BABE61C5130A60042ADA0 /* Assets.xcassets */,
			);
			name = Assets;
			sourceTree = "<group>";
		};
		6D4BABD31C5130A60042ADA0 = {
			isa = PBXGroup;
			children = (
				6D4BABDE1C5130A60042ADA0 /* CoreMotionExample */,
				6D4BABDD1C5130A60042ADA0 /* Products */,
				9ED638BF1F6D4AC100E2D1AF /* Surge.xcodeproj */,
			);
			sourceTree = "<group>";
		};
		6D4BABDD1C5130A60042ADA0 /* Products */ = {
			isa = PBXGroup;
			children = (
				6D4BABDC1C5130A60042ADA0 /* iOSAccelerometerExample.app */,
			);
			name = Products;
			sourceTree = "<group>";
		};
		6D4BABDE1C5130A60042ADA0 /* CoreMotionExample */ = {
			isa = PBXGroup;
			children = (
				6D43CF4C1C5A0086003EA4EF /* Sources */,
				6D43CF4D1C5A008D003EA4EF /* UI */,
				6D43CF4F1C5A00A5003EA4EF /* Assets */,
				6D43CF4E1C5A0092003EA4EF /* Supporting Files */,
			);
			path = CoreMotionExample;
			sourceTree = "<group>";
		};
		9ED638C01F6D4AC100E2D1AF /* Products */ = {
			isa = PBXGroup;
			children = (
				9ED638C51F6D4AC100E2D1AF /* Surge.framework */,
				9ED638C71F6D4AC100E2D1AF /* SurgeTests.xctest */,
			);
			name = Products;
			sourceTree = "<group>";
		};
/* End PBXGroup section */

/* Begin PBXNativeTarget section */
		6D4BABDB1C5130A60042ADA0 /* iOSAccelerometerExample */ = {
			isa = PBXNativeTarget;
			buildConfigurationList = 6D4BABEE1C5130A60042ADA0 /* Build configuration list for PBXNativeTarget "iOSAccelerometerExample" */;
			buildPhases = (
				6D4BABD81C5130A60042ADA0 /* Sources */,
				6D4BABD91C5130A60042ADA0 /* Frameworks */,
				6D4BABDA1C5130A60042ADA0 /* Resources */,
				9ED638D01F6D673000E2D1AF /* Embed Frameworks */,
			);
			buildRules = (
			);
			dependencies = (
				9ED638CF1F6D673000E2D1AF /* PBXTargetDependency */,
			);
			name = iOSAccelerometerExample;
			productName = CoreMotionExample;
			productReference = 6D4BABDC1C5130A60042ADA0 /* iOSAccelerometerExample.app */;
			productType = "com.apple.product-type.application";
		};
/* End PBXNativeTarget section */

/* Begin PBXProject section */
		6D4BABD41C5130A60042ADA0 /* Project object */ = {
			isa = PBXProject;
			attributes = {
				LastSwiftUpdateCheck = 0720;
				LastUpgradeCheck = 0800;
				ORGANIZATIONNAME = "Maxim Bilan";
				TargetAttributes = {
					6D4BABDB1C5130A60042ADA0 = {
						CreatedOnToolsVersion = 7.2;
						DevelopmentTeam = 55536VBLEE;
						LastSwiftMigration = 0800;
					};
				};
			};
			buildConfigurationList = 6D4BABD71C5130A60042ADA0 /* Build configuration list for PBXProject "iOSAccelerometerExample" */;
			compatibilityVersion = "Xcode 3.2";
			developmentRegion = English;
			hasScannedForEncodings = 0;
			knownRegions = (
				en,
				Base,
			);
			mainGroup = 6D4BABD31C5130A60042ADA0;
			productRefGroup = 6D4BABDD1C5130A60042ADA0 /* Products */;
			projectDirPath = "";
			projectReferences = (
				{
					ProductGroup = 9ED638C01F6D4AC100E2D1AF /* Products */;
					ProjectRef = 9ED638BF1F6D4AC100E2D1AF /* Surge.xcodeproj */;
				},
			);
			projectRoot = "";
			targets = (
				6D4BABDB1C5130A60042ADA0 /* iOSAccelerometerExample */,
			);
		};
/* End PBXProject section */

/* Begin PBXReferenceProxy section */
		9ED638C51F6D4AC100E2D1AF /* Surge.framework */ = {
			isa = PBXReferenceProxy;
			fileType = wrapper.framework;
			path = Surge.framework;
			remoteRef = 9ED638C41F6D4AC100E2D1AF /* PBXContainerItemProxy */;
			sourceTree = BUILT_PRODUCTS_DIR;
		};
		9ED638C71F6D4AC100E2D1AF /* SurgeTests.xctest */ = {
			isa = PBXReferenceProxy;
			fileType = wrapper.cfbundle;
			path = SurgeTests.xctest;
			remoteRef = 9ED638C61F6D4AC100E2D1AF /* PBXContainerItemProxy */;
			sourceTree = BUILT_PRODUCTS_DIR;
		};
/* End PBXReferenceProxy section */

/* Begin PBXResourcesBuildPhase section */
		6D4BABDA1C5130A60042ADA0 /* Resources */ = {
			isa = PBXResourcesBuildPhase;
			buildActionMask = 2147483647;
			files = (
				6D4BABEA1C5130A60042ADA0 /* LaunchScreen.storyboard in Resources */,
				6D4BABE71C5130A60042ADA0 /* Assets.xcassets in Resources */,
				6D4BABE51C5130A60042ADA0 /* Main.storyboard in Resources */,
			);
			runOnlyForDeploymentPostprocessing = 0;
		};
/* End PBXResourcesBuildPhase section */

/* Begin PBXSourcesBuildPhase section */
		6D4BABD81C5130A60042ADA0 /* Sources */ = {
			isa = PBXSourcesBuildPhase;
			buildActionMask = 2147483647;
			files = (
				6D4BABE21C5130A60042ADA0 /* ViewController.swift in Sources */,
				6D4BABE01C5130A60042ADA0 /* AppDelegate.swift in Sources */,
				9ED638D21F6E0DDB00E2D1AF /* GraphView.swift in Sources */,
			);
			runOnlyForDeploymentPostprocessing = 0;
		};
/* End PBXSourcesBuildPhase section */

/* Begin PBXTargetDependency section */
		9ED638CF1F6D673000E2D1AF /* PBXTargetDependency */ = {
			isa = PBXTargetDependency;
			name = Surge;
			targetProxy = 9ED638CE1F6D673000E2D1AF /* PBXContainerItemProxy */;
		};
/* End PBXTargetDependency section */

/* Begin PBXVariantGroup section */
		6D4BABE31C5130A60042ADA0 /* Main.storyboard */ = {
			isa = PBXVariantGroup;
			children = (
				6D4BABE41C5130A60042ADA0 /* Base */,
			);
			name = Main.storyboard;
			sourceTree = "<group>";
		};
		6D4BABE81C5130A60042ADA0 /* LaunchScreen.storyboard */ = {
			isa = PBXVariantGroup;
			children = (
				6D4BABE91C5130A60042ADA0 /* Base */,
			);
			name = LaunchScreen.storyboard;
			sourceTree = "<group>";
		};
/* End PBXVariantGroup section */

/* Begin XCBuildConfiguration section */
		6D4BABEC1C5130A60042ADA0 /* Debug */ = {
			isa = XCBuildConfiguration;
			buildSettings = {
				ALWAYS_SEARCH_USER_PATHS = NO;
				CLANG_CXX_LANGUAGE_STANDARD = "gnu++0x";
				CLANG_CXX_LIBRARY = "libc++";
				CLANG_ENABLE_MODULES = YES;
				CLANG_ENABLE_OBJC_ARC = YES;
				CLANG_WARN_BOOL_CONVERSION = YES;
				CLANG_WARN_CONSTANT_CONVERSION = YES;
				CLANG_WARN_DIRECT_OBJC_ISA_USAGE = YES_ERROR;
				CLANG_WARN_EMPTY_BODY = YES;
				CLANG_WARN_ENUM_CONVERSION = YES;
				CLANG_WARN_INFINITE_RECURSION = YES;
				CLANG_WARN_INT_CONVERSION = YES;
				CLANG_WARN_OBJC_ROOT_CLASS = YES_ERROR;
				CLANG_WARN_SUSPICIOUS_MOVE = YES;
				CLANG_WARN_UNREACHABLE_CODE = YES;
				CLANG_WARN__DUPLICATE_METHOD_MATCH = YES;
				"CODE_SIGN_IDENTITY[sdk=iphoneos*]" = "iPhone Developer";
				COPY_PHASE_STRIP = NO;
				DEBUG_INFORMATION_FORMAT = dwarf;
				DYLIB_INSTALL_NAME_BASE = "";
				ENABLE_STRICT_OBJC_MSGSEND = YES;
				ENABLE_TESTABILITY = YES;
				GCC_C_LANGUAGE_STANDARD = gnu99;
				GCC_DYNAMIC_NO_PIC = NO;
				GCC_NO_COMMON_BLOCKS = YES;
				GCC_OPTIMIZATION_LEVEL = 0;
				GCC_PREPROCESSOR_DEFINITIONS = (
					"DEBUG=1",
					"$(inherited)",
				);
				GCC_WARN_64_TO_32_BIT_CONVERSION = YES;
				GCC_WARN_ABOUT_RETURN_TYPE = YES_ERROR;
				GCC_WARN_UNDECLARED_SELECTOR = YES;
				GCC_WARN_UNINITIALIZED_AUTOS = YES_AGGRESSIVE;
				GCC_WARN_UNUSED_FUNCTION = YES;
				GCC_WARN_UNUSED_VARIABLE = YES;
				IPHONEOS_DEPLOYMENT_TARGET = 9.2;
				MTL_ENABLE_DEBUG_INFO = YES;
				ONLY_ACTIVE_ARCH = YES;
				SDKROOT = iphoneos;
				SWIFT_OPTIMIZATION_LEVEL = "-Onone";
				TARGETED_DEVICE_FAMILY = "1,2";
			};
			name = Debug;
		};
		6D4BABED1C5130A60042ADA0 /* Release */ = {
			isa = XCBuildConfiguration;
			buildSettings = {
				ALWAYS_SEARCH_USER_PATHS = NO;
				CLANG_CXX_LANGUAGE_STANDARD = "gnu++0x";
				CLANG_CXX_LIBRARY = "libc++";
				CLANG_ENABLE_MODULES = YES;
				CLANG_ENABLE_OBJC_ARC = YES;
				CLANG_WARN_BOOL_CONVERSION = YES;
				CLANG_WARN_CONSTANT_CONVERSION = YES;
				CLANG_WARN_DIRECT_OBJC_ISA_USAGE = YES_ERROR;
				CLANG_WARN_EMPTY_BODY = YES;
				CLANG_WARN_ENUM_CONVERSION = YES;
				CLANG_WARN_INFINITE_RECURSION = YES;
				CLANG_WARN_INT_CONVERSION = YES;
				CLANG_WARN_OBJC_ROOT_CLASS = YES_ERROR;
				CLANG_WARN_SUSPICIOUS_MOVE = YES;
				CLANG_WARN_UNREACHABLE_CODE = YES;
				CLANG_WARN__DUPLICATE_METHOD_MATCH = YES;
				"CODE_SIGN_IDENTITY[sdk=iphoneos*]" = "iPhone Developer";
				COPY_PHASE_STRIP = NO;
				DEBUG_INFORMATION_FORMAT = "dwarf-with-dsym";
				DYLIB_INSTALL_NAME_BASE = "";
				ENABLE_NS_ASSERTIONS = NO;
				ENABLE_STRICT_OBJC_MSGSEND = YES;
				GCC_C_LANGUAGE_STANDARD = gnu99;
				GCC_NO_COMMON_BLOCKS = YES;
				GCC_WARN_64_TO_32_BIT_CONVERSION = YES;
				GCC_WARN_ABOUT_RETURN_TYPE = YES_ERROR;
				GCC_WARN_UNDECLARED_SELECTOR = YES;
				GCC_WARN_UNINITIALIZED_AUTOS = YES_AGGRESSIVE;
				GCC_WARN_UNUSED_FUNCTION = YES;
				GCC_WARN_UNUSED_VARIABLE = YES;
				IPHONEOS_DEPLOYMENT_TARGET = 9.2;
				MTL_ENABLE_DEBUG_INFO = NO;
				SDKROOT = iphoneos;
				SWIFT_OPTIMIZATION_LEVEL = "-Owholemodule";
				TARGETED_DEVICE_FAMILY = "1,2";
				VALIDATE_PRODUCT = YES;
			};
			name = Release;
		};
		6D4BABEF1C5130A60042ADA0 /* Debug */ = {
			isa = XCBuildConfiguration;
			buildSettings = {
				ALWAYS_EMBED_SWIFT_STANDARD_LIBRARIES = YES;
				ASSETCATALOG_COMPILER_APPICON_NAME = AppIcon;
				DEVELOPMENT_TEAM = 55536VBLEE;
				INFOPLIST_FILE = CoreMotionExample/Info.plist;
				LD_RUNPATH_SEARCH_PATHS = "$(inherited) @executable_path/Frameworks";
				PRODUCT_BUNDLE_IDENTIFIER = maximbilan.CoreMotionExample;
				PRODUCT_NAME = "$(TARGET_NAME)";
				SWIFT_VERSION = 3.0;
			};
			name = Debug;
		};
		6D4BABF01C5130A60042ADA0 /* Release */ = {
			isa = XCBuildConfiguration;
			buildSettings = {
				ALWAYS_EMBED_SWIFT_STANDARD_LIBRARIES = YES;
				ASSETCATALOG_COMPILER_APPICON_NAME = AppIcon;
				DEVELOPMENT_TEAM = 55536VBLEE;
				INFOPLIST_FILE = CoreMotionExample/Info.plist;
				LD_RUNPATH_SEARCH_PATHS = "$(inherited) @executable_path/Frameworks";
				PRODUCT_BUNDLE_IDENTIFIER = maximbilan.CoreMotionExample;
				PRODUCT_NAME = "$(TARGET_NAME)";
				SWIFT_VERSION = 3.0;
			};
			name = Release;
		};
/* End XCBuildConfiguration section */

/* Begin XCConfigurationList section */
		6D4BABD71C5130A60042ADA0 /* Build configuration list for PBXProject "iOSAccelerometerExample" */ = {
			isa = XCConfigurationList;
			buildConfigurations = (
				6D4BABEC1C5130A60042ADA0 /* Debug */,
				6D4BABED1C5130A60042ADA0 /* Release */,
			);
			defaultConfigurationIsVisible = 0;
			defaultConfigurationName = Release;
		};
		6D4BABEE1C5130A60042ADA0 /* Build configuration list for PBXNativeTarget "iOSAccelerometerExample" */ = {
			isa = XCConfigurationList;
			buildConfigurations = (
				6D4BABEF1C5130A60042ADA0 /* Debug */,
				6D4BABF01C5130A60042ADA0 /* Release */,
			);
			defaultConfigurationIsVisible = 0;
			defaultConfigurationName = Release;
		};
/* End XCConfigurationList section */
	};
	rootObject = 6D4BABD41C5130A60042ADA0 /* Project object */;
}
